
Microsoft Visual Studio Solution File, Format Version 12.00
# Visual Studio Version 16
VisualStudioVersion = 16.0.30907.101
MinimumVisualStudioVersion = 10.0.40219.1
Project("{FAE04EC0-301F-11D3-BF4B-00C04F79EFBC}") = "login-register", "login-register\login-register.csproj", "{C3FA4807-0F07-4D07-8455-3F5691E0DAE4}"
EndProject
Global
	GlobalSection(SolutionConfigurationPlatforms) = preSolution
		Debug|Any CPU = Debug|Any CPU
		Release|Any CPU = Release|Any CPU
	EndGlobalSection
	GlobalSection(ProjectConfigurationPlatforms) = postSolution
		{C3FA4807-0F07-4D07-8455-3F5691E0DAE4}.Debug|Any CPU.ActiveCfg = Debug|Any CPU
		{C3FA4807-0F07-4D07-8455-3F5691E0DAE4}.Debug|Any CPU.Build.0 = Debug|Any CPU
		{C3FA4807-0F07-4D07-8455-3F5691E0DAE4}.Release|Any CPU.ActiveCfg = Release|Any CPU
		{C3FA4807-0F07-4D07-8455-3F5691E0DAE4}.Release|Any CPU.Build.0 = Release|Any CPU
	EndGlobalSection
	GlobalSection(SolutionProperties) = preSolution
		HideSolutionNode = FALSE
	EndGlobalSection
	GlobalSection(ExtensibilityGlobals) = postSolution
		SolutionGuid = {F32DA5F1-04D1-40B6-8C98-BF055D62F480}
	EndGlobalSection
EndGlobal
